
Microsoft Visual Studio Solution File, Format Version 12.00
# Visual Studio Version 17
VisualStudioVersion = 17.4.33205.214
MinimumVisualStudioVersion = 10.0.40219.1
Project("{FAE04EC0-301F-11D3-BF4B-00C04F79EFBC}") = "Lab4_Induvidual_Database_Project", "Lab4_Induvidual_Database_Project\Lab4_Induvidual_Database_Project.csproj", "{9A5ED95A-0798-43AE-BC92-5540D1B92FB4}"
EndProject
Global
	GlobalSection(SolutionConfigurationPlatforms) = preSolution
		Debug|Any CPU = Debug|Any CPU
		Release|Any CPU = Release|Any CPU
	EndGlobalSection
	GlobalSection(ProjectConfigurationPlatforms) = postSolution
		{9A5ED95A-0798-43AE-BC92-5540D1B92FB4}.Debug|Any CPU.ActiveCfg = Debug|Any CPU
		{9A5ED95A-0798-43AE-BC92-5540D1B92FB4}.Debug|Any CPU.Build.0 = Debug|Any CPU
		{9A5ED95A-0798-43AE-BC92-5540D1B92FB4}.Release|Any CPU.ActiveCfg = Release|Any CPU
		{9A5ED95A-0798-43AE-BC92-5540D1B92FB4}.Release|Any CPU.Build.0 = Release|Any CPU
	EndGlobalSection
	GlobalSection(SolutionProperties) = preSolution
		HideSolutionNode = FALSE
	EndGlobalSection
	GlobalSection(ExtensibilityGlobals) = postSolution
		SolutionGuid = {1734A647-F677-41AF-9CF3-AE29C023EE5D}
	EndGlobalSection
EndGlobal
